// !$*UTF8*$!
{
	archiveVersion = 1;
	classes = {
	};
	objectVersion = 46;
	objects = {

/* Begin PBXBuildFile section */
		A5314AC71F4D2E2F00A0CB8A /* main.m in Sources */ = {isa = PBXBuildFile; fileRef = A5314AC61F4D2E2F00A0CB8A /* main.m */; };
		A5314ACA1F4D2E2F00A0CB8A /* AppDelegate.m in Sources */ = {isa = PBXBuildFile; fileRef = A5314AC91F4D2E2F00A0CB8A /* AppDelegate.m */; };
		A5314ACD1F4D2E2F00A0CB8A /* ViewController.m in Sources */ = {isa = PBXBuildFile; fileRef = A5314ACC1F4D2E2F00A0CB8A /* ViewController.m */; };
		A5314AD01F4D2E2F00A0CB8A /* Main.storyboard in Resources */ = {isa = PBXBuildFile; fileRef = A5314ACE1F4D2E2F00A0CB8A /* Main.storyboard */; };
		A5314AD21F4D2E2F00A0CB8A /* Assets.xcassets in Resources */ = {isa = PBXBuildFile; fileRef = A5314AD11F4D2E2F00A0CB8A /* Assets.xcassets */; };
		A5314AD51F4D2E2F00A0CB8A /* LaunchScreen.storyboard in Resources */ = {isa = PBXBuildFile; fileRef = A5314AD31F4D2E2F00A0CB8A /* LaunchScreen.storyboard */; };
		A5314AE01F4D2E2F00A0CB8A /* BrokenLineDemoTests.m in Sources */ = {isa = PBXBuildFile; fileRef = A5314ADF1F4D2E2F00A0CB8A /* BrokenLineDemoTests.m */; };
		A5314AEB1F4D2E2F00A0CB8A /* BrokenLineDemoUITests.m in Sources */ = {isa = PBXBuildFile; fileRef = A5314AEA1F4D2E2F00A0CB8A /* BrokenLineDemoUITests.m */; };
		A5314AFD1F4D2E6A00A0CB8A /* BrokenBasicView.m in Sources */ = {isa = PBXBuildFile; fileRef = A5314AF81F4D2E6A00A0CB8A /* BrokenBasicView.m */; };
		A5314AFE1F4D2E6A00A0CB8A /* BrokenLineView.m in Sources */ = {isa = PBXBuildFile; fileRef = A5314AFA1F4D2E6A00A0CB8A /* BrokenLineView.m */; };
		A5314AFF1F4D2E6A00A0CB8A /* NSString+Category.m in Sources */ = {isa = PBXBuildFile; fileRef = A5314AFC1F4D2E6A00A0CB8A /* NSString+Category.m */; };
		D950EC5E206A4CA000AD2833 /* BBChartView.m in Sources */ = {isa = PBXBuildFile; fileRef = D950EC5C206A4CA000AD2833 /* BBChartView.m */; };
		D950EC61206A4CB900AD2833 /* BBDrawChartsView.m in Sources */ = {isa = PBXBuildFile; fileRef = D950EC60206A4CB900AD2833 /* BBDrawChartsView.m */; };
/* End PBXBuildFile section */

/* Begin PBXContainerItemProxy section */
		A5314ADC1F4D2E2F00A0CB8A /* PBXContainerItemProxy */ = {
			isa = PBXContainerItemProxy;
			containerPortal = A5314ABA1F4D2E2F00A0CB8A /* Project object */;
			proxyType = 1;
			remoteGlobalIDString = A5314AC11F4D2E2F00A0CB8A;
			remoteInfo = BrokenLineDemo;
		};
		A5314AE71F4D2E2F00A0CB8A /* PBXContainerItemProxy */ = {
			isa = PBXContainerItemProxy;
			containerPortal = A5314ABA1F4D2E2F00A0CB8A /* Project object */;
			proxyType = 1;
			remoteGlobalIDString = A5314AC11F4D2E2F00A0CB8A;
			remoteInfo = BrokenLineDemo;
		};
/* End PBXContainerItemProxy section */

/* Begin PBXFileReference section */
		A5314AC21F4D2E2F00A0CB8A /* BrokenLineDemo.app */ = {isa = PBXFileReference; explicitFileType = wrapper.application; includeInIndex = 0; path = BrokenLineDemo.app; sourceTree = BUILT_PRODUCTS_DIR; };
		A5314AC61F4D2E2F00A0CB8A /* main.m */ = {isa = PBXFileReference; lastKnownFileType = sourcecode.c.objc; path = main.m; sourceTree = "<group>"; };
		A5314AC81F4D2E2F00A0CB8A /* AppDelegate.h */ = {isa = PBXFileReference; lastKnownFileType = sourcecode.c.h; path = AppDelegate.h; sourceTree = "<group>"; };
		A5314AC91F4D2E2F00A0CB8A /* AppDelegate.m */ = {isa = PBXFileReference; lastKnownFileType = sourcecode.c.objc; path = AppDelegate.m; sourceTree = "<group>"; };
		A5314ACB1F4D2E2F00A0CB8A /* ViewController.h */ = {isa = PBXFileReference; lastKnownFileType = sourcecode.c.h; path = ViewController.h; sourceTree = "<group>"; };
		A5314ACC1F4D2E2F00A0CB8A /* ViewController.m */ = {isa = PBXFileReference; lastKnownFileType = sourcecode.c.objc; path = ViewController.m; sourceTree = "<group>"; };
		A5314ACF1F4D2E2F00A0CB8A /* Base */ = {isa = PBXFileReference; lastKnownFileType = file.storyboard; name = Base; path = Base.lproj/Main.storyboard; sourceTree = "<group>"; };
		A5314AD11F4D2E2F00A0CB8A /* Assets.xcassets */ = {isa = PBXFileReference; lastKnownFileType = folder.assetcatalog; path = Assets.xcassets; sourceTree = "<group>"; };
		A5314AD41F4D2E2F00A0CB8A /* Base */ = {isa = PBXFileReference; lastKnownFileType = file.storyboard; name = Base; path = Base.lproj/LaunchScreen.storyboard; sourceTree = "<group>"; };
		A5314AD61F4D2E2F00A0CB8A /* Info.plist */ = {isa = PBXFileReference; lastKnownFileType = text.plist.xml; path = Info.plist; sourceTree = "<group>"; };
		A5314ADB1F4D2E2F00A0CB8A /* BrokenLineDemoTests.xctest */ = {isa = PBXFileReference; explicitFileType = wrapper.cfbundle; includeInIndex = 0; path = BrokenLineDemoTests.xctest; sourceTree = BUILT_PRODUCTS_DIR; };
		A5314ADF1F4D2E2F00A0CB8A /* BrokenLineDemoTests.m */ = {isa = PBXFileReference; lastKnownFileType = sourcecode.c.objc; path = BrokenLineDemoTests.m; sourceTree = "<group>"; };
		A5314AE11F4D2E2F00A0CB8A /* Info.plist */ = {isa = PBXFileReference; lastKnownFileType = text.plist.xml; path = Info.plist; sourceTree = "<group>"; };
		A5314AE61F4D2E2F00A0CB8A /* BrokenLineDemoUITests.xctest */ = {isa = PBXFileReference; explicitFileType = wrapper.cfbundle; includeInIndex = 0; path = BrokenLineDemoUITests.xctest; sourceTree = BUILT_PRODUCTS_DIR; };
		A5314AEA1F4D2E2F00A0CB8A /* BrokenLineDemoUITests.m */ = {isa = PBXFileReference; lastKnownFileType = sourcecode.c.objc; path = BrokenLineDemoUITests.m; sourceTree = "<group>"; };
		A5314AEC1F4D2E2F00A0CB8A /* Info.plist */ = {isa = PBXFileReference; lastKnownFileType = text.plist.xml; path = Info.plist; sourceTree = "<group>"; };
		A5314AF81F4D2E6A00A0CB8A /* BrokenBasicView.m */ = {isa = PBXFileReference; fileEncoding = 4; lastKnownFileType = sourcecode.c.objc; path = BrokenBasicView.m; sourceTree = "<group>"; };
		A5314AF91F4D2E6A00A0CB8A /* BrokenLineView.h */ = {isa = PBXFileReference; fileEncoding = 4; lastKnownFileType = sourcecode.c.h; path = BrokenLineView.h; sourceTree = "<group>"; };
		A5314AFA1F4D2E6A00A0CB8A /* BrokenLineView.m */ = {isa = PBXFileReference; fileEncoding = 4; lastKnownFileType = sourcecode.c.objc; path = BrokenLineView.m; sourceTree = "<group>"; };
		A5314AFB1F4D2E6A00A0CB8A /* NSString+Category.h */ = {isa = PBXFileReference; fileEncoding = 4; lastKnownFileType = sourcecode.c.h; path = "NSString+Category.h"; sourceTree = "<group>"; };
		A5314AFC1F4D2E6A00A0CB8A /* NSString+Category.m */ = {isa = PBXFileReference; fileEncoding = 4; lastKnownFileType = sourcecode.c.objc; path = "NSString+Category.m"; sourceTree = "<group>"; };
		A5314B001F4D2ED700A0CB8A /* BrokenBasicView.h */ = {isa = PBXFileReference; fileEncoding = 4; lastKnownFileType = sourcecode.c.h; path = BrokenBasicView.h; sourceTree = "<group>"; };
		D950EC5C206A4CA000AD2833 /* BBChartView.m */ = {isa = PBXFileReference; fileEncoding = 4; lastKnownFileType = sourcecode.c.objc; path = BBChartView.m; sourceTree = "<group>"; };
		D950EC5D206A4CA000AD2833 /* BBChartView.h */ = {isa = PBXFileReference; fileEncoding = 4; lastKnownFileType = sourcecode.c.h; path = BBChartView.h; sourceTree = "<group>"; };
		D950EC5F206A4CB900AD2833 /* BBDrawChartsView.h */ = {isa = PBXFileReference; lastKnownFileType = sourcecode.c.h; path = BBDrawChartsView.h; sourceTree = "<group>"; };
		D950EC60206A4CB900AD2833 /* BBDrawChartsView.m */ = {isa = PBXFileReference; lastKnownFileType = sourcecode.c.objc; path = BBDrawChartsView.m; sourceTree = "<group>"; };
/* End PBXFileReference section */

/* Begin PBXFrameworksBuildPhase section */
		A5314ABF1F4D2E2F00A0CB8A /* Frameworks */ = {
			isa = PBXFrameworksBuildPhase;
			buildActionMask = 2147483647;
			files = (
			);
			runOnlyForDeploymentPostprocessing = 0;
		};
		A5314AD81F4D2E2F00A0CB8A /* Frameworks */ = {
			isa = PBXFrameworksBuildPhase;
			buildActionMask = 2147483647;
			files = (
			);
			runOnlyForDeploymentPostprocessing = 0;
		};
		A5314AE31F4D2E2F00A0CB8A /* Frameworks */ = {
			isa = PBXFrameworksBuildPhase;
			buildActionMask = 2147483647;
			files = (
			);
			runOnlyForDeploymentPostprocessing = 0;
		};
/* End PBXFrameworksBuildPhase section */

/* Begin PBXGroup section */
		A5314AB91F4D2E2F00A0CB8A = {
			isa = PBXGroup;
			children = (
				A5314AC41F4D2E2F00A0CB8A /* BrokenLineDemo */,
				A5314ADE1F4D2E2F00A0CB8A /* BrokenLineDemoTests */,
				A5314AE91F4D2E2F00A0CB8A /* BrokenLineDemoUITests */,
				A5314AC31F4D2E2F00A0CB8A /* Products */,
			);
			sourceTree = "<group>";
		};
		A5314AC31F4D2E2F00A0CB8A /* Products */ = {
			isa = PBXGroup;
			children = (
				A5314AC21F4D2E2F00A0CB8A /* BrokenLineDemo.app */,
				A5314ADB1F4D2E2F00A0CB8A /* BrokenLineDemoTests.xctest */,
				A5314AE61F4D2E2F00A0CB8A /* BrokenLineDemoUITests.xctest */,
			);
			name = Products;
			sourceTree = "<group>";
		};
		A5314AC41F4D2E2F00A0CB8A /* BrokenLineDemo */ = {
			isa = PBXGroup;
			children = (
				D950EC5B206A4C5900AD2833 /* ScrollChartsView */,
				A5314B001F4D2ED700A0CB8A /* BrokenBasicView.h */,
				A5314AF81F4D2E6A00A0CB8A /* BrokenBasicView.m */,
				A5314AF91F4D2E6A00A0CB8A /* BrokenLineView.h */,
				A5314AFA1F4D2E6A00A0CB8A /* BrokenLineView.m */,
				A5314AFB1F4D2E6A00A0CB8A /* NSString+Category.h */,
				A5314AFC1F4D2E6A00A0CB8A /* NSString+Category.m */,
				A5314AC81F4D2E2F00A0CB8A /* AppDelegate.h */,
				A5314AC91F4D2E2F00A0CB8A /* AppDelegate.m */,
				A5314ACB1F4D2E2F00A0CB8A /* ViewController.h */,
				A5314ACC1F4D2E2F00A0CB8A /* ViewController.m */,
				A5314ACE1F4D2E2F00A0CB8A /* Main.storyboard */,
				A5314AD11F4D2E2F00A0CB8A /* Assets.xcassets */,
				A5314AD31F4D2E2F00A0CB8A /* LaunchScreen.storyboard */,
				A5314AD61F4D2E2F00A0CB8A /* Info.plist */,
				A5314AC51F4D2E2F00A0CB8A /* Supporting Files */,
			);
			path = BrokenLineDemo;
			sourceTree = "<group>";
		};
		A5314AC51F4D2E2F00A0CB8A /* Supporting Files */ = {
			isa = PBXGroup;
			children = (
				A5314AC61F4D2E2F00A0CB8A /* main.m */,
			);
			name = "Supporting Files";
			sourceTree = "<group>";
		};
		A5314ADE1F4D2E2F00A0CB8A /* BrokenLineDemoTests */ = {
			isa = PBXGroup;
			children = (
				A5314ADF1F4D2E2F00A0CB8A /* BrokenLineDemoTests.m */,
				A5314AE11F4D2E2F00A0CB8A /* Info.plist */,
			);
			path = BrokenLineDemoTests;
			sourceTree = "<group>";
		};
		A5314AE91F4D2E2F00A0CB8A /* BrokenLineDemoUITests */ = {
			isa = PBXGroup;
			children = (
				A5314AEA1F4D2E2F00A0CB8A /* BrokenLineDemoUITests.m */,
				A5314AEC1F4D2E2F00A0CB8A /* Info.plist */,
			);
			path = BrokenLineDemoUITests;
			sourceTree = "<group>";
		};
		D950EC5B206A4C5900AD2833 /* ScrollChartsView */ = {
			isa = PBXGroup;
			children = (
				D950EC5D206A4CA000AD2833 /* BBChartView.h */,
				D950EC5C206A4CA000AD2833 /* BBChartView.m */,
				D950EC5F206A4CB900AD2833 /* BBDrawChartsView.h */,
				D950EC60206A4CB900AD2833 /* BBDrawChartsView.m */,
			);
			name = ScrollChartsView;
			sourceTree = "<group>";
		};
/* End PBXGroup section */

/* Begin PBXNativeTarget section */
		A5314AC11F4D2E2F00A0CB8A /* BrokenLineDemo */ = {
			isa = PBXNativeTarget;
			buildConfigurationList = A5314AEF1F4D2E2F00A0CB8A /* Build configuration list for PBXNativeTarget "BrokenLineDemo" */;
			buildPhases = (
				A5314ABE1F4D2E2F00A0CB8A /* Sources */,
				A5314ABF1F4D2E2F00A0CB8A /* Frameworks */,
				A5314AC01F4D2E2F00A0CB8A /* Resources */,
			);
			buildRules = (
			);
			dependencies = (
			);
			name = BrokenLineDemo;
			productName = BrokenLineDemo;
			productReference = A5314AC21F4D2E2F00A0CB8A /* BrokenLineDemo.app */;
			productType = "com.apple.product-type.application";
		};
		A5314ADA1F4D2E2F00A0CB8A /* BrokenLineDemoTests */ = {
			isa = PBXNativeTarget;
			buildConfigurationList = A5314AF21F4D2E2F00A0CB8A /* Build configuration list for PBXNativeTarget "BrokenLineDemoTests" */;
			buildPhases = (
				A5314AD71F4D2E2F00A0CB8A /* Sources */,
				A5314AD81F4D2E2F00A0CB8A /* Frameworks */,
				A5314AD91F4D2E2F00A0CB8A /* Resources */,
			);
			buildRules = (
			);
			dependencies = (
				A5314ADD1F4D2E2F00A0CB8A /* PBXTargetDependency */,
			);
			name = BrokenLineDemoTests;
			productName = BrokenLineDemoTests;
			productReference = A5314ADB1F4D2E2F00A0CB8A /* BrokenLineDemoTests.xctest */;
			productType = "com.apple.product-type.bundle.unit-test";
		};
		A5314AE51F4D2E2F00A0CB8A /* BrokenLineDemoUITests */ = {
			isa = PBXNativeTarget;
			buildConfigurationList = A5314AF51F4D2E2F00A0CB8A /* Build configuration list for PBXNativeTarget "BrokenLineDemoUITests" */;
			buildPhases = (
				A5314AE21F4D2E2F00A0CB8A /* Sources */,
				A5314AE31F4D2E2F00A0CB8A /* Frameworks */,
				A5314AE41F4D2E2F00A0CB8A /* Resources */,
			);
			buildRules = (
			);
			dependencies = (
				A5314AE81F4D2E2F00A0CB8A /* PBXTargetDependency */,
			);
			name = BrokenLineDemoUITests;
			productName = BrokenLineDemoUITests;
			productReference = A5314AE61F4D2E2F00A0CB8A /* BrokenLineDemoUITests.xctest */;
			productType = "com.apple.product-type.bundle.ui-testing";
		};
/* End PBXNativeTarget section */

/* Begin PBXProject section */
		A5314ABA1F4D2E2F00A0CB8A /* Project object */ = {
			isa = PBXProject;
			attributes = {
				LastUpgradeCheck = 0830;
				ORGANIZATIONNAME = BillBo;
				TargetAttributes = {
					A5314AC11F4D2E2F00A0CB8A = {
						CreatedOnToolsVersion = 8.3.3;
						DevelopmentTeam = F8GY9XXT4N;
						ProvisioningStyle = Automatic;
					};
					A5314ADA1F4D2E2F00A0CB8A = {
						CreatedOnToolsVersion = 8.3.3;
						DevelopmentTeam = F8GY9XXT4N;
						ProvisioningStyle = Automatic;
						TestTargetID = A5314AC11F4D2E2F00A0CB8A;
					};
					A5314AE51F4D2E2F00A0CB8A = {
						CreatedOnToolsVersion = 8.3.3;
						DevelopmentTeam = F8GY9XXT4N;
						ProvisioningStyle = Automatic;
						TestTargetID = A5314AC11F4D2E2F00A0CB8A;
					};
				};
			};
			buildConfigurationList = A5314ABD1F4D2E2F00A0CB8A /* Build configuration list for PBXProject "BrokenLineDemo" */;
			compatibilityVersion = "Xcode 3.2";
			developmentRegion = English;
			hasScannedForEncodings = 0;
			knownRegions = (
				en,
				Base,
			);
			mainGroup = A5314AB91F4D2E2F00A0CB8A;
			productRefGroup = A5314AC31F4D2E2F00A0CB8A /* Products */;
			projectDirPath = "";
			projectRoot = "";
			targets = (
				A5314AC11F4D2E2F00A0CB8A /* BrokenLineDemo */,
				A5314ADA1F4D2E2F00A0CB8A /* BrokenLineDemoTests */,
				A5314AE51F4D2E2F00A0CB8A /* BrokenLineDemoUITests */,
			);
		};
/* End PBXProject section */

/* Begin PBXResourcesBuildPhase section */
		A5314AC01F4D2E2F00A0CB8A /* Resources */ = {
			isa = PBXResourcesBuildPhase;
			buildActionMask = 2147483647;
			files = (
				A5314AD51F4D2E2F00A0CB8A /* LaunchScreen.storyboard in Resources */,
				A5314AD21F4D2E2F00A0CB8A /* Assets.xcassets in Resources */,
				A5314AD01F4D2E2F00A0CB8A /* Main.storyboard in Resources */,
			);
			runOnlyForDeploymentPostprocessing = 0;
		};
		A5314AD91F4D2E2F00A0CB8A /* Resources */ = {
			isa = PBXResourcesBuildPhase;
			buildActionMask = 2147483647;
			files = (
			);
			runOnlyForDeploymentPostprocessing = 0;
		};
		A5314AE41F4D2E2F00A0CB8A /* Resources */ = {
			isa = PBXResourcesBuildPhase;
			buildActionMask = 2147483647;
			files = (
			);
			runOnlyForDeploymentPostprocessing = 0;
		};
/* End PBXResourcesBuildPhase section */

/* Begin PBXSourcesBuildPhase section */
		A5314ABE1F4D2E2F00A0CB8A /* Sources */ = {
			isa = PBXSourcesBuildPhase;
			buildActionMask = 2147483647;
			files = (
				A5314ACD1F4D2E2F00A0CB8A /* ViewController.m in Sources */,
				A5314AFF1F4D2E6A00A0CB8A /* NSString+Category.m in Sources */,
				A5314ACA1F4D2E2F00A0CB8A /* AppDelegate.m in Sources */,
				A5314AFD1F4D2E6A00A0CB8A /* BrokenBasicView.m in Sources */,
				A5314AC71F4D2E2F00A0CB8A /* main.m in Sources */,
				A5314AFE1F4D2E6A00A0CB8A /* BrokenLineView.m in Sources */,
				D950EC5E206A4CA000AD2833 /* BBChartView.m in Sources */,
				D950EC61206A4CB900AD2833 /* BBDrawChartsView.m in Sources */,
			);
			runOnlyForDeploymentPostprocessing = 0;
		};
		A5314AD71F4D2E2F00A0CB8A /* Sources */ = {
			isa = PBXSourcesBuildPhase;
			buildActionMask = 2147483647;
			files = (
				A5314AE01F4D2E2F00A0CB8A /* BrokenLineDemoTests.m in Sources */,
			);
			runOnlyForDeploymentPostprocessing = 0;
		};
		A5314AE21F4D2E2F00A0CB8A /* Sources */ = {
			isa = PBXSourcesBuildPhase;
			buildActionMask = 2147483647;
			files = (
				A5314AEB1F4D2E2F00A0CB8A /* BrokenLineDemoUITests.m in Sources */,
			);
			runOnlyForDeploymentPostprocessing = 0;
		};
/* End PBXSourcesBuildPhase section */

/* Begin PBXTargetDependency section */
		A5314ADD1F4D2E2F00A0CB8A /* PBXTargetDependency */ = {
			isa = PBXTargetDependency;
			target = A5314AC11F4D2E2F00A0CB8A /* BrokenLineDemo */;
			targetProxy = A5314ADC1F4D2E2F00A0CB8A /* PBXContainerItemProxy */;
		};
		A5314AE81F4D2E2F00A0CB8A /* PBXTargetDependency */ = {
			isa = PBXTargetDependency;
			target = A5314AC11F4D2E2F00A0CB8A /* BrokenLineDemo */;
			targetProxy = A5314AE71F4D2E2F00A0CB8A /* PBXContainerItemProxy */;
		};
/* End PBXTargetDependency section */

/* Begin PBXVariantGroup section */
		A5314ACE1F4D2E2F00A0CB8A /* Main.storyboard */ = {
			isa = PBXVariantGroup;
			children = (
				A5314ACF1F4D2E2F00A0CB8A /* Base */,
			);
			name = Main.storyboard;
			sourceTree = "<group>";
		};
		A5314AD31F4D2E2F00A0CB8A /* LaunchScreen.storyboard */ = {
			isa = PBXVariantGroup;
			children = (
				A5314AD41F4D2E2F00A0CB8A /* Base */,
			);
			name = LaunchScreen.storyboard;
			sourceTree = "<group>";
		};
/* End PBXVariantGroup section */

/* Begin XCBuildConfiguration section */
		A5314AED1F4D2E2F00A0CB8A /* Debug */ = {
			isa = XCBuildConfiguration;
			buildSettings = {
				ALWAYS_SEARCH_USER_PATHS = NO;
				CLANG_ANALYZER_NONNULL = YES;
				CLANG_ANALYZER_NUMBER_OBJECT_CONVERSION = YES_AGGRESSIVE;
				CLANG_CXX_LANGUAGE_STANDARD = "gnu++0x";
				CLANG_CXX_LIBRARY = "libc++";
				CLANG_ENABLE_MODULES = YES;
				CLANG_ENABLE_OBJC_ARC = YES;
				CLANG_WARN_BOOL_CONVERSION = YES;
				CLANG_WARN_CONSTANT_CONVERSION = YES;
				CLANG_WARN_DIRECT_OBJC_ISA_USAGE = YES_ERROR;
				CLANG_WARN_DOCUMENTATION_COMMENTS = YES;
				CLANG_WARN_EMPTY_BODY = YES;
				CLANG_WARN_ENUM_CONVERSION = YES;
				CLANG_WARN_INFINITE_RECURSION = YES;
				CLANG_WARN_INT_CONVERSION = YES;
				CLANG_WARN_OBJC_ROOT_CLASS = YES_ERROR;
				CLANG_WARN_SUSPICIOUS_MOVE = YES;
				CLANG_WARN_UNREACHABLE_CODE = YES;
				CLANG_WARN__DUPLICATE_METHOD_MATCH = YES;
				"CODE_SIGN_IDENTITY[sdk=iphoneos*]" = "iPhone Developer";
				COPY_PHASE_STRIP = NO;
				DEBUG_INFORMATION_FORMAT = dwarf;
				ENABLE_STRICT_OBJC_MSGSEND = YES;
				ENABLE_TESTABILITY = YES;
				GCC_C_LANGUAGE_STANDARD = gnu99;
				GCC_DYNAMIC_NO_PIC = NO;
				GCC_NO_COMMON_BLOCKS = YES;
				GCC_OPTIMIZATION_LEVEL = 0;
				GCC_PREPROCESSOR_DEFINITIONS = (
					"DEBUG=1",
					"$(inherited)",
				);
				GCC_WARN_64_TO_32_BIT_CONVERSION = YES;
				GCC_WARN_ABOUT_RETURN_TYPE = YES_ERROR;
				GCC_WARN_UNDECLARED_SELECTOR = YES;
				GCC_WARN_UNINITIALIZED_AUTOS = YES_AGGRESSIVE;
				GCC_WARN_UNUSED_FUNCTION = YES;
				GCC_WARN_UNUSED_VARIABLE = YES;
				IPHONEOS_DEPLOYMENT_TARGET = 10.3;
				MTL_ENABLE_DEBUG_INFO = YES;
				ONLY_ACTIVE_ARCH = YES;
				SDKROOT = iphoneos;
			};
			name = Debug;
		};
		A5314AEE1F4D2E2F00A0CB8A /* Release */ = {
			isa = XCBuildConfiguration;
			buildSettings = {
				ALWAYS_SEARCH_USER_PATHS = NO;
				CLANG_ANALYZER_NONNULL = YES;
				CLANG_ANALYZER_NUMBER_OBJECT_CONVERSION = YES_AGGRESSIVE;
				CLANG_CXX_LANGUAGE_STANDARD = "gnu++0x";
				CLANG_CXX_LIBRARY = "libc++";
				CLANG_ENABLE_MODULES = YES;
				CLANG_ENABLE_OBJC_ARC = YES;
				CLANG_WARN_BOOL_CONVERSION = YES;
				CLANG_WARN_CONSTANT_CONVERSION = YES;
				CLANG_WARN_DIRECT_OBJC_ISA_USAGE = YES_ERROR;
				CLANG_WARN_DOCUMENTATION_COMMENTS = YES;
				CLANG_WARN_EMPTY_BODY = YES;
				CLANG_WARN_ENUM_CONVERSION = YES;
				CLANG_WARN_INFINITE_RECURSION = YES;
				CLANG_WARN_INT_CONVERSION = YES;
				CLANG_WARN_OBJC_ROOT_CLASS = YES_ERROR;
				CLANG_WARN_SUSPICIOUS_MOVE = YES;
				CLANG_WARN_UNREACHABLE_CODE = YES;
				CLANG_WARN__DUPLICATE_METHOD_MATCH = YES;
				"CODE_SIGN_IDENTITY[sdk=iphoneos*]" = "iPhone Developer";
				COPY_PHASE_STRIP = NO;
				DEBUG_INFORMATION_FORMAT = "dwarf-with-dsym";
				ENABLE_NS_ASSERTIONS = NO;
				ENABLE_STRICT_OBJC_MSGSEND = YES;
				GCC_C_LANGUAGE_STANDARD = gnu99;
				GCC_NO_COMMON_BLOCKS = YES;
				GCC_WARN_64_TO_32_BIT_CONVERSION = YES;
				GCC_WARN_ABOUT_RETURN_TYPE = YES_ERROR;
				GCC_WARN_UNDECLARED_SELECTOR = YES;
				GCC_WARN_UNINITIALIZED_AUTOS = YES_AGGRESSIVE;
				GCC_WARN_UNUSED_FUNCTION = YES;
				GCC_WARN_UNUSED_VARIABLE = YES;
				IPHONEOS_DEPLOYMENT_TARGET = 10.3;
				MTL_ENABLE_DEBUG_INFO = NO;
				SDKROOT = iphoneos;
				VALIDATE_PRODUCT = YES;
			};
			name = Release;
		};
		A5314AF01F4D2E2F00A0CB8A /* Debug */ = {
			isa = XCBuildConfiguration;
			buildSettings = {
				ASSETCATALOG_COMPILER_APPICON_NAME = AppIcon;
				DEVELOPMENT_TEAM = F8GY9XXT4N;
				INFOPLIST_FILE = BrokenLineDemo/Info.plist;
				LD_RUNPATH_SEARCH_PATHS = "$(inherited) @executable_path/Frameworks";
				PRODUCT_BUNDLE_IDENTIFIER = com.bill.BrokenLineDemo;
				PRODUCT_NAME = "$(TARGET_NAME)";
			};
			name = Debug;
		};
		A5314AF11F4D2E2F00A0CB8A /* Release */ = {
			isa = XCBuildConfiguration;
			buildSettings = {
				ASSETCATALOG_COMPILER_APPICON_NAME = AppIcon;
				DEVELOPMENT_TEAM = F8GY9XXT4N;
				INFOPLIST_FILE = BrokenLineDemo/Info.plist;
				LD_RUNPATH_SEARCH_PATHS = "$(inherited) @executable_path/Frameworks";
				PRODUCT_BUNDLE_IDENTIFIER = com.bill.BrokenLineDemo;
				PRODUCT_NAME = "$(TARGET_NAME)";
			};
			name = Release;
		};
		A5314AF31F4D2E2F00A0CB8A /* Debug */ = {
			isa = XCBuildConfiguration;
			buildSettings = {
				BUNDLE_LOADER = "$(TEST_HOST)";
				DEVELOPMENT_TEAM = F8GY9XXT4N;
				INFOPLIST_FILE = BrokenLineDemoTests/Info.plist;
				LD_RUNPATH_SEARCH_PATHS = "$(inherited) @executable_path/Frameworks @loader_path/Frameworks";
				PRODUCT_BUNDLE_IDENTIFIER = com.bill.BrokenLineDemoTests;
				PRODUCT_NAME = "$(TARGET_NAME)";
				TEST_HOST = "$(BUILT_PRODUCTS_DIR)/BrokenLineDemo.app/BrokenLineDemo";
			};
			name = Debug;
		};
		A5314AF41F4D2E2F00A0CB8A /* Release */ = {
			isa = XCBuildConfiguration;
			buildSettings = {
				BUNDLE_LOADER = "$(TEST_HOST)";
				DEVELOPMENT_TEAM = F8GY9XXT4N;
				INFOPLIST_FILE = BrokenLineDemoTests/Info.plist;
				LD_RUNPATH_SEARCH_PATHS = "$(inherited) @executable_path/Frameworks @loader_path/Frameworks";
				PRODUCT_BUNDLE_IDENTIFIER = com.bill.BrokenLineDemoTests;
				PRODUCT_NAME = "$(TARGET_NAME)";
				TEST_HOST = "$(BUILT_PRODUCTS_DIR)/BrokenLineDemo.app/BrokenLineDemo";
			};
			name = Release;
		};
		A5314AF61F4D2E2F00A0CB8A /* Debug */ = {
			isa = XCBuildConfiguration;
			buildSettings = {
				DEVELOPMENT_TEAM = F8GY9XXT4N;
				INFOPLIST_FILE = BrokenLineDemoUITests/Info.plist;
				LD_RUNPATH_SEARCH_PATHS = "$(inherited) @executable_path/Frameworks @loader_path/Frameworks";
				PRODUCT_BUNDLE_IDENTIFIER = com.bill.BrokenLineDemoUITests;
				PRODUCT_NAME = "$(TARGET_NAME)";
				TEST_TARGET_NAME = BrokenLineDemo;
			};
			name = Debug;
		};
		A5314AF71F4D2E2F00A0CB8A /* Release */ = {
			isa = XCBuildConfiguration;
			buildSettings = {
				DEVELOPMENT_TEAM = F8GY9XXT4N;
				INFOPLIST_FILE = BrokenLineDemoUITests/Info.plist;
				LD_RUNPATH_SEARCH_PATHS = "$(inherited) @executable_path/Frameworks @loader_path/Frameworks";
				PRODUCT_BUNDLE_IDENTIFIER = com.bill.BrokenLineDemoUITests;
				PRODUCT_NAME = "$(TARGET_NAME)";
				TEST_TARGET_NAME = BrokenLineDemo;
			};
			name = Release;
		};
/* End XCBuildConfiguration section */

/* Begin XCConfigurationList section */
		A5314ABD1F4D2E2F00A0CB8A /* Build configuration list for PBXProject "BrokenLineDemo" */ = {
			isa = XCConfigurationList;
			buildConfigurations = (
				A5314AED1F4D2E2F00A0CB8A /* Debug */,
				A5314AEE1F4D2E2F00A0CB8A /* Release */,
			);
			defaultConfigurationIsVisible = 0;
			defaultConfigurationName = Release;
		};
		A5314AEF1F4D2E2F00A0CB8A /* Build configuration list for PBXNativeTarget "BrokenLineDemo" */ = {
			isa = XCConfigurationList;
			buildConfigurations = (
				A5314AF01F4D2E2F00A0CB8A /* Debug */,
				A5314AF11F4D2E2F00A0CB8A /* Release */,
			);
			defaultConfigurationIsVisible = 0;
			defaultConfigurationName = Release;
		};
		A5314AF21F4D2E2F00A0CB8A /* Build configuration list for PBXNativeTarget "BrokenLineDemoTests" */ = {
			isa = XCConfigurationList;
			buildConfigurations = (
				A5314AF31F4D2E2F00A0CB8A /* Debug */,
				A5314AF41F4D2E2F00A0CB8A /* Release */,
			);
			defaultConfigurationIsVisible = 0;
			defaultConfigurationName = Release;
		};
		A5314AF51F4D2E2F00A0CB8A /* Build configuration list for PBXNativeTarget "BrokenLineDemoUITests" */ = {
			isa = XCConfigurationList;
			buildConfigurations = (
				A5314AF61F4D2E2F00A0CB8A /* Debug */,
				A5314AF71F4D2E2F00A0CB8A /* Release */,
			);
			defaultConfigurationIsVisible = 0;
			defaultConfigurationName = Release;
		};
/* End XCConfigurationList section */
	};
	rootObject = A5314ABA1F4D2E2F00A0CB8A /* Project object */;
}
